<?xml version="1.0" encoding="utf-8"?>
<Project ToolsVersion="4.0" xmlns="http://schemas.microsoft.com/developer/msbuild/2003">
  <ItemGroup>
    <Filter Include="ソース ファイル">
      <UniqueIdentifier>{4FC737F1-C7A5-4376-A066-2A32D752A2FF}</UniqueIdentifier>
      <Extensions>cpp;c;cc;cxx;c++;cppm;ixx;def;odl;idl;hpj;bat;asm;asmx</Extensions>
    </Filter>
    <Filter Include="ヘッダー ファイル">
      <UniqueIdentifier>{93995380-89BD-4b04-88EB-625FBE52EBFB}</UniqueIdentifier>
      <Extensions>h;hh;hpp;hxx;h++;hm;inl;inc;ipp;xsd</Extensions>
    </Filter>
    <Filter Include="リソース ファイル">
      <UniqueIdentifier>{67DA6AB6-F800-4c08-8B7A-83BB121AAD01}</UniqueIdentifier>
      <Extensions>rc;ico;cur;bmp;dlg;rc2;rct;bin;rgs;gif;jpg;jpeg;jpe;resx;tiff;tif;png;wav;mfcribbon-ms</Extensions>
    </Filter>
    <Filter Include="imgui">
      <UniqueIdentifier>{40efd8b2-9f77-493b-afc2-81b435eae6e3}</UniqueIdentifier>
    </Filter>
    <Filter Include="リソース ファイル\Shader">
      <UniqueIdentifier>{81bd11fc-c0dc-48ef-88f3-7cb007b99338}</UniqueIdentifier>
    </Filter>
    <Filter Include="ソース ファイル\EngineBase">
      <UniqueIdentifier>{c1a2abc6-03ac-46b0-afbf-35f30323ab6d}</UniqueIdentifier>
    </Filter>
    <Filter Include="ソース ファイル\EngineBase\DirectX">
      <UniqueIdentifier>{31f46fa5-78b5-4eec-853f-1d0097066056}</UniqueIdentifier>
    </Filter>
    <Filter Include="ソース ファイル\EngineBase\WinApp">
      <UniqueIdentifier>{9f1932e2-c1e8-44b1-b26d-304310782dfe}</UniqueIdentifier>
    </Filter>
    <Filter Include="ソース ファイル\EngineBase\Triangle">
      <UniqueIdentifier>{6a2f7cd4-2b1f-4dd7-891a-4c7d393a4146}</UniqueIdentifier>
    </Filter>
    <Filter Include="ソース ファイル\EngineBase\YTEngine">
      <UniqueIdentifier>{cd2c29cd-f614-41f0-8731-9907c441c097}</UniqueIdentifier>
    </Filter>
    <Filter Include="ヘッダー ファイル\EngineBase">
      <UniqueIdentifier>{96533808-fd05-4c4e-9704-51e6ed89c27e}</UniqueIdentifier>
    </Filter>
    <Filter Include="ヘッダー ファイル\EngineBase\DirectX">
      <UniqueIdentifier>{89d29057-a91d-4c29-bfb9-4c4659f8e777}</UniqueIdentifier>
    </Filter>
    <Filter Include="ヘッダー ファイル\EngineBase\WinApp">
      <UniqueIdentifier>{3f54a546-cc5f-45de-b1fe-2720029d1b33}</UniqueIdentifier>
    </Filter>
    <Filter Include="ヘッダー ファイル\EngineBase\Triangle">
      <UniqueIdentifier>{62e80fc2-c778-456d-a98b-8aa87ce11fb8}</UniqueIdentifier>
    </Filter>
    <Filter Include="ヘッダー ファイル\EngineBase\YTEngine">
      <UniqueIdentifier>{2badda3e-e1f7-498e-a9ce-8e6714a1df79}</UniqueIdentifier>
    </Filter>
    <Filter Include="ソース ファイル\GameScene">
      <UniqueIdentifier>{00f66263-9bfe-4961-a3f9-bd77b5386b8e}</UniqueIdentifier>
    </Filter>
    <Filter Include="ヘッダー ファイル\GameScene">
      <UniqueIdentifier>{35ee664f-a86b-4d50-9db5-286c8050a462}</UniqueIdentifier>
    </Filter>
    <Filter Include="ソース ファイル\ImGuiManager">
      <UniqueIdentifier>{0be8df4e-b7e7-40f6-909a-98a47eb6ee06}</UniqueIdentifier>
    </Filter>
    <Filter Include="ヘッダー ファイル\ImGuiManager">
      <UniqueIdentifier>{20cb88bf-9b23-438f-80e7-4abeaf90adea}</UniqueIdentifier>
    </Filter>
    <Filter Include="ソース ファイル\Math">
      <UniqueIdentifier>{0fcfe0c4-9b4b-4f60-9755-e2d4120f82db}</UniqueIdentifier>
    </Filter>
    <Filter Include="ヘッダー ファイル\Math">
      <UniqueIdentifier>{da259fd0-4bf3-48ad-9c22-07a1845ecf26}</UniqueIdentifier>
    </Filter>
    <Filter Include="ソース ファイル\Sprite">
      <UniqueIdentifier>{3f6f4ab8-d80d-40dd-b61d-27a8214df369}</UniqueIdentifier>
    </Filter>
    <Filter Include="ヘッダー ファイル\Sprite">
      <UniqueIdentifier>{b8157816-71b5-4a44-a445-dfc903c6f272}</UniqueIdentifier>
    </Filter>
    <Filter Include="ソース ファイル\Utilities">
      <UniqueIdentifier>{2709eb72-c37c-4780-bb55-ccf796086e73}</UniqueIdentifier>
    </Filter>
    <Filter Include="ヘッダー ファイル\Utilities">
      <UniqueIdentifier>{4b8e4747-1a33-41b9-8343-1ac176a86653}</UniqueIdentifier>
    </Filter>
    <Filter Include="ソース ファイル\Utilities\ConvertString">
      <UniqueIdentifier>{4d30655e-c0ee-40ae-81b8-8f73c5a45be8}</UniqueIdentifier>
    </Filter>
    <Filter Include="ヘッダー ファイル\Utilities\ConvertString">
      <UniqueIdentifier>{4c26cafe-0a91-4623-8160-63a78a9828d8}</UniqueIdentifier>
    </Filter>
  </ItemGroup>
  <ItemGroup>
    <ClCompile Include="externals\imgui\imgui.cpp">
      <Filter>imgui</Filter>
    </ClCompile>
    <ClCompile Include="externals\imgui\imgui_demo.cpp">
      <Filter>imgui</Filter>
    </ClCompile>
    <ClCompile Include="externals\imgui\imgui_draw.cpp">
      <Filter>imgui</Filter>
    </ClCompile>
    <ClCompile Include="externals\imgui\imgui_impl_dx12.cpp">
      <Filter>imgui</Filter>
    </ClCompile>
    <ClCompile Include="externals\imgui\imgui_impl_win32.cpp">
      <Filter>imgui</Filter>
    </ClCompile>
    <ClCompile Include="externals\imgui\imgui_tables.cpp">
      <Filter>imgui</Filter>
    </ClCompile>
    <ClCompile Include="externals\imgui\imgui_widgets.cpp">
      <Filter>imgui</Filter>
    </ClCompile>
    <ClCompile Include="YTEngine\EngineBase\DirectX\DirectXCommon.cpp">
      <Filter>ソース ファイル\EngineBase\DirectX</Filter>
    </ClCompile>
    <ClCompile Include="main.cpp" />
    <ClCompile Include="YTEngine\EngineBase\Engine\YTEngine.cpp">
      <Filter>ソース ファイル\EngineBase\YTEngine</Filter>
    </ClCompile>
    <ClCompile Include="YTEngine\EngineBase\WinApp\WinApp.cpp">
      <Filter>ソース ファイル\EngineBase\WinApp</Filter>
    </ClCompile>
    <ClCompile Include="YTEngine\GameScene\GameScene.cpp">
      <Filter>ソース ファイル\GameScene</Filter>
    </ClCompile>
    <ClCompile Include="YTEngine\ImGuiManager\ImGuiManager.cpp">
      <Filter>ソース ファイル\ImGuiManager</Filter>
    </ClCompile>
    <ClCompile Include="YTEngine\Math\MatrixCalculate.cpp">
      <Filter>ソース ファイル\Math</Filter>
    </ClCompile>
    <ClCompile Include="YTEngine\Sprite\Sprite.cpp">
      <Filter>ソース ファイル\Sprite</Filter>
    </ClCompile>
    <ClCompile Include="YTEngine\Utilities\ConvertString\ConvertString.cpp">
      <Filter>ソース ファイル\Utilities\ConvertString</Filter>
    </ClCompile>
    <ClCompile Include="YTEngine\EngineBase\Triangle\Triangle.cpp">
      <Filter>ソース ファイル\EngineBase\Triangle</Filter>
    </ClCompile>
  </ItemGroup>
  <ItemGroup>
    <ClInclude Include="externals\imgui\imconfig.h">
      <Filter>imgui</Filter>
    </ClInclude>
    <ClInclude Include="externals\imgui\imgui.h">
      <Filter>imgui</Filter>
    </ClInclude>
    <ClInclude Include="externals\imgui\imgui_impl_dx12.h">
      <Filter>imgui</Filter>
    </ClInclude>
    <ClInclude Include="externals\imgui\imgui_impl_win32.h">
      <Filter>imgui</Filter>
    </ClInclude>
    <ClInclude Include="externals\imgui\imgui_internal.h">
      <Filter>imgui</Filter>
    </ClInclude>
    <ClInclude Include="externals\imgui\imstb_rectpack.h">
      <Filter>imgui</Filter>
    </ClInclude>
    <ClInclude Include="externals\imgui\imstb_textedit.h">
      <Filter>imgui</Filter>
    </ClInclude>
    <ClInclude Include="externals\imgui\imstb_truetype.h">
      <Filter>imgui</Filter>
    </ClInclude>
    <ClInclude Include="YTEngine\EngineBase\DirectX\DirectXCommon.h">
      <Filter>ヘッダー ファイル\EngineBase\DirectX</Filter>
    </ClInclude>
    <ClInclude Include="YTEngine\EngineBase\Engine\YTEngine.h">
      <Filter>ヘッダー ファイル\EngineBase\YTEngine</Filter>
    </ClInclude>
    <ClInclude Include="YTEngine\EngineBase\Triangle\Triangle.h">
      <Filter>ヘッダー ファイル\EngineBase\Triangle</Filter>
    </ClInclude>
    <ClInclude Include="YTEngine\EngineBase\WinApp\WinApp.h">
      <Filter>ヘッダー ファイル\EngineBase\WinApp</Filter>
    </ClInclude>
    <ClInclude Include="YTEngine\GameScene\GameScene.h">
      <Filter>ヘッダー ファイル\GameScene</Filter>
    </ClInclude>
    <ClInclude Include="YTEngine\ImGuiManager\ImGuiManager.h">
      <Filter>ヘッダー ファイル\ImGuiManager</Filter>
    </ClInclude>
    <ClInclude Include="YTEngine\Math\MatrixCalculate.h">
      <Filter>ヘッダー ファイル\Math</Filter>
    </ClInclude>
    <ClInclude Include="YTEngine\Math\Vector2.h">
      <Filter>ヘッダー ファイル\Math</Filter>
    </ClInclude>
    <ClInclude Include="YTEngine\Math\Vector3.h">
      <Filter>ヘッダー ファイル\Math</Filter>
    </ClInclude>
    <ClInclude Include="YTEngine\Math\Vector4.h">
      <Filter>ヘッダー ファイル\Math</Filter>
    </ClInclude>
    <ClInclude Include="YTEngine\Math\Matrix4x4.h">
      <Filter>ヘッダー ファイル\Math</Filter>
    </ClInclude>
    <ClInclude Include="YTEngine\Sprite\Sprite.h">
      <Filter>ヘッダー ファイル\Sprite</Filter>
    </ClInclude>
    <ClInclude Include="YTEngine\Utilities\ConvertString\ConvertString.h">
      <Filter>ヘッダー ファイル\Utilities\ConvertString</Filter>
    </ClInclude>
  </ItemGroup>
  <ItemGroup>
    <Text Include="externals\imgui\LICENSE.txt">
      <Filter>imgui</Filter>
    </Text>
  </ItemGroup>
  <ItemGroup>
    <None Include="YTEngine\Shader\Object3d.hlsli">
      <Filter>リソース ファイル\Shader</Filter>
    </None>
  </ItemGroup>
  <ItemGroup>
    <FxCompile Include="YTEngine\Shader\Object3d.PS.hlsl">
      <Filter>リソース ファイル\Shader</Filter>
    </FxCompile>
    <FxCompile Include="YTEngine\Shader\Object3d.VS.hlsl">
      <Filter>リソース ファイル\Shader</Filter>
    </FxCompile>
  </ItemGroup>
</Project>